
Microsoft Visual Studio Solution File, Format Version 12.00
# Visual Studio Version 17
VisualStudioVersion = 17.8.34525.116
MinimumVisualStudioVersion = 10.0.40219.1
Project("{FAE04EC0-301F-11D3-BF4B-00C04F79EFBC}") = "Mouse Wiggler", "Mouse Wiggler\Mouse Wiggler.csproj", "{56841CCE-091D-4F0E-85BF-E53F8F7A8423}"
EndProject
Global
	GlobalSection(SolutionConfigurationPlatforms) = preSolution
		Debug|Any CPU = Debug|Any CPU
		Release|Any CPU = Release|Any CPU
	EndGlobalSection
	GlobalSection(ProjectConfigurationPlatforms) = postSolution
		{56841CCE-091D-4F0E-85BF-E53F8F7A8423}.Debug|Any CPU.ActiveCfg = Debug|Any CPU
		{56841CCE-091D-4F0E-85BF-E53F8F7A8423}.Debug|Any CPU.Build.0 = Debug|Any CPU
		{56841CCE-091D-4F0E-85BF-E53F8F7A8423}.Release|Any CPU.ActiveCfg = Release|Any CPU
		{56841CCE-091D-4F0E-85BF-E53F8F7A8423}.Release|Any CPU.Build.0 = Release|Any CPU
	EndGlobalSection
	GlobalSection(SolutionProperties) = preSolution
		HideSolutionNode = FALSE
	EndGlobalSection
	GlobalSection(ExtensibilityGlobals) = postSolution
		SolutionGuid = {792831DD-442E-4DF8-97AD-A55028C7B5DF}
	EndGlobalSection
EndGlobal
